
Microsoft Visual Studio Solution File, Format Version 12.00
# Visual Studio Version 17
VisualStudioVersion = 17.8.34330.188
MinimumVisualStudioVersion = 10.0.40219.1
Project("{FAE04EC0-301F-11D3-BF4B-00C04F79EFBC}") = "Proyecto2_SaikuGames", "Proyecto2_SaikuGames\Proyecto2_SaikuGames.csproj", "{96B72925-FAE9-4671-8DF1-0157AD7AFCAC}"
EndProject
Global
	GlobalSection(SolutionConfigurationPlatforms) = preSolution
		Debug|Any CPU = Debug|Any CPU
		Debug|x64 = Debug|x64
		Release|Any CPU = Release|Any CPU
		Release|x64 = Release|x64
	EndGlobalSection
	GlobalSection(ProjectConfigurationPlatforms) = postSolution
		{96B72925-FAE9-4671-8DF1-0157AD7AFCAC}.Debug|Any CPU.ActiveCfg = Debug|Any CPU
		{96B72925-FAE9-4671-8DF1-0157AD7AFCAC}.Debug|Any CPU.Build.0 = Debug|Any CPU
		{96B72925-FAE9-4671-8DF1-0157AD7AFCAC}.Debug|x64.ActiveCfg = Debug|x64
		{96B72925-FAE9-4671-8DF1-0157AD7AFCAC}.Debug|x64.Build.0 = Debug|x64
		{96B72925-FAE9-4671-8DF1-0157AD7AFCAC}.Release|Any CPU.ActiveCfg = Release|Any CPU
		{96B72925-FAE9-4671-8DF1-0157AD7AFCAC}.Release|Any CPU.Build.0 = Release|Any CPU
		{96B72925-FAE9-4671-8DF1-0157AD7AFCAC}.Release|x64.ActiveCfg = Release|x64
		{96B72925-FAE9-4671-8DF1-0157AD7AFCAC}.Release|x64.Build.0 = Release|x64
	EndGlobalSection
	GlobalSection(SolutionProperties) = preSolution
		HideSolutionNode = FALSE
	EndGlobalSection
	GlobalSection(ExtensibilityGlobals) = postSolution
		SolutionGuid = {3BDF2BD0-8737-4A1F-9C9E-0786AA1C921C}
	EndGlobalSection
EndGlobal
